// !$*UTF8*$!
{
	archiveVersion = 1;
	classes = {
	};
	objectVersion = 50;
	objects = {

/* Begin PBXBuildFile section */
		07326BAD218C05B80013A9D0 /* ViewControllerSpec.swift in Sources */ = {isa = PBXBuildFile; fileRef = 07326BAC218C05B80013A9D0 /* ViewControllerSpec.swift */; };
		07326BAF218C06690013A9D0 /* QuickSpec+Extension.swift in Sources */ = {isa = PBXBuildFile; fileRef = 07326BAE218C06690013A9D0 /* QuickSpec+Extension.swift */; };
		07326BB1218C06DA0013A9D0 /* ViewIdentifiable.swift in Sources */ = {isa = PBXBuildFile; fileRef = 07326BB0218C06DA0013A9D0 /* ViewIdentifiable.swift */; };
		07326BB3218C07CE0013A9D0 /* XCTestCase+Extension.swift in Sources */ = {isa = PBXBuildFile; fileRef = 07326BB2218C07CE0013A9D0 /* XCTestCase+Extension.swift */; };
		07326BB5218C09000013A9D0 /* CustomLabel.swift in Sources */ = {isa = PBXBuildFile; fileRef = 07326BB4218C09000013A9D0 /* CustomLabel.swift */; };
		07326BB7218C0C650013A9D0 /* UIView+Extension.swift in Sources */ = {isa = PBXBuildFile; fileRef = 07326BB6218C0C650013A9D0 /* UIView+Extension.swift */; };
		07326BBA218C0D660013A9D0 /* Helpers.swift in Sources */ = {isa = PBXBuildFile; fileRef = 07326BB9218C0D660013A9D0 /* Helpers.swift */; };
		07C00549218C049F00E8C091 /* AppDelegate.swift in Sources */ = {isa = PBXBuildFile; fileRef = 07C00548218C049F00E8C091 /* AppDelegate.swift */; };
		07C0054B218C049F00E8C091 /* ViewController.swift in Sources */ = {isa = PBXBuildFile; fileRef = 07C0054A218C049F00E8C091 /* ViewController.swift */; };
		07C0054E218C049F00E8C091 /* Main.storyboard in Resources */ = {isa = PBXBuildFile; fileRef = 07C0054C218C049F00E8C091 /* Main.storyboard */; };
		07C00550218C04A000E8C091 /* Assets.xcassets in Resources */ = {isa = PBXBuildFile; fileRef = 07C0054F218C04A000E8C091 /* Assets.xcassets */; };
		07C00553218C04A000E8C091 /* LaunchScreen.storyboard in Resources */ = {isa = PBXBuildFile; fileRef = 07C00551218C04A000E8C091 /* LaunchScreen.storyboard */; };
		07C0055E218C04A000E8C091 /* BetterGetViewTests.swift in Sources */ = {isa = PBXBuildFile; fileRef = 07C0055D218C04A000E8C091 /* BetterGetViewTests.swift */; };
		EC79B32087FE912A677AD851 /* Pods_BetterGetViewTests.framework in Frameworks */ = {isa = PBXBuildFile; fileRef = 38ED09A6C0FC80D970A72A44 /* Pods_BetterGetViewTests.framework */; };
/* End PBXBuildFile section */

/* Begin PBXContainerItemProxy section */
		07C0055A218C04A000E8C091 /* PBXContainerItemProxy */ = {
			isa = PBXContainerItemProxy;
			containerPortal = 07C0053D218C049F00E8C091 /* Project object */;
			proxyType = 1;
			remoteGlobalIDString = 07C00544218C049F00E8C091;
			remoteInfo = BetterGetView;
		};
/* End PBXContainerItemProxy section */

/* Begin PBXFileReference section */
		07326BAC218C05B80013A9D0 /* ViewControllerSpec.swift */ = {isa = PBXFileReference; lastKnownFileType = sourcecode.swift; path = ViewControllerSpec.swift; sourceTree = "<group>"; };
		07326BAE218C06690013A9D0 /* QuickSpec+Extension.swift */ = {isa = PBXFileReference; lastKnownFileType = sourcecode.swift; path = "QuickSpec+Extension.swift"; sourceTree = "<group>"; };
		07326BB0218C06DA0013A9D0 /* ViewIdentifiable.swift */ = {isa = PBXFileReference; lastKnownFileType = sourcecode.swift; path = ViewIdentifiable.swift; sourceTree = "<group>"; };
		07326BB2218C07CE0013A9D0 /* XCTestCase+Extension.swift */ = {isa = PBXFileReference; lastKnownFileType = sourcecode.swift; path = "XCTestCase+Extension.swift"; sourceTree = "<group>"; };
		07326BB4218C09000013A9D0 /* CustomLabel.swift */ = {isa = PBXFileReference; lastKnownFileType = sourcecode.swift; path = CustomLabel.swift; sourceTree = "<group>"; };
		07326BB6218C0C650013A9D0 /* UIView+Extension.swift */ = {isa = PBXFileReference; lastKnownFileType = sourcecode.swift; path = "UIView+Extension.swift"; sourceTree = "<group>"; };
		07326BB9218C0D660013A9D0 /* Helpers.swift */ = {isa = PBXFileReference; lastKnownFileType = sourcecode.swift; path = Helpers.swift; sourceTree = "<group>"; };
		07C00545218C049F00E8C091 /* BetterGetView.app */ = {isa = PBXFileReference; explicitFileType = wrapper.application; includeInIndex = 0; path = BetterGetView.app; sourceTree = BUILT_PRODUCTS_DIR; };
		07C00548218C049F00E8C091 /* AppDelegate.swift */ = {isa = PBXFileReference; lastKnownFileType = sourcecode.swift; path = AppDelegate.swift; sourceTree = "<group>"; };
		07C0054A218C049F00E8C091 /* ViewController.swift */ = {isa = PBXFileReference; lastKnownFileType = sourcecode.swift; path = ViewController.swift; sourceTree = "<group>"; };
		07C0054D218C049F00E8C091 /* Base */ = {isa = PBXFileReference; lastKnownFileType = file.storyboard; name = Base; path = Base.lproj/Main.storyboard; sourceTree = "<group>"; };
		07C0054F218C04A000E8C091 /* Assets.xcassets */ = {isa = PBXFileReference; lastKnownFileType = folder.assetcatalog; path = Assets.xcassets; sourceTree = "<group>"; };
		07C00552218C04A000E8C091 /* Base */ = {isa = PBXFileReference; lastKnownFileType = file.storyboard; name = Base; path = Base.lproj/LaunchScreen.storyboard; sourceTree = "<group>"; };
		07C00554218C04A000E8C091 /* Info.plist */ = {isa = PBXFileReference; lastKnownFileType = text.plist.xml; path = Info.plist; sourceTree = "<group>"; };
		07C00559218C04A000E8C091 /* BetterGetViewTests.xctest */ = {isa = PBXFileReference; explicitFileType = wrapper.cfbundle; includeInIndex = 0; path = BetterGetViewTests.xctest; sourceTree = BUILT_PRODUCTS_DIR; };
		07C0055D218C04A000E8C091 /* BetterGetViewTests.swift */ = {isa = PBXFileReference; lastKnownFileType = sourcecode.swift; path = BetterGetViewTests.swift; sourceTree = "<group>"; };
		07C0055F218C04A000E8C091 /* Info.plist */ = {isa = PBXFileReference; lastKnownFileType = text.plist.xml; path = Info.plist; sourceTree = "<group>"; };
		38ED09A6C0FC80D970A72A44 /* Pods_BetterGetViewTests.framework */ = {isa = PBXFileReference; explicitFileType = wrapper.framework; includeInIndex = 0; path = Pods_BetterGetViewTests.framework; sourceTree = BUILT_PRODUCTS_DIR; };
		832598BD1FBB86DC4C1BD728 /* Pods-BetterGetViewTests.release.xcconfig */ = {isa = PBXFileReference; includeInIndex = 1; lastKnownFileType = text.xcconfig; name = "Pods-BetterGetViewTests.release.xcconfig"; path = "Pods/Target Support Files/Pods-BetterGetViewTests/Pods-BetterGetViewTests.release.xcconfig"; sourceTree = "<group>"; };
		8518944D7E0126EA5E45EAA6 /* Pods-BetterGetViewTests.debug.xcconfig */ = {isa = PBXFileReference; includeInIndex = 1; lastKnownFileType = text.xcconfig; name = "Pods-BetterGetViewTests.debug.xcconfig"; path = "Pods/Target Support Files/Pods-BetterGetViewTests/Pods-BetterGetViewTests.debug.xcconfig"; sourceTree = "<group>"; };
/* End PBXFileReference section */

/* Begin PBXFrameworksBuildPhase section */
		07C00542218C049F00E8C091 /* Frameworks */ = {
			isa = PBXFrameworksBuildPhase;
			buildActionMask = 2147483647;
			files = (
			);
			runOnlyForDeploymentPostprocessing = 0;
		};
		07C00556218C04A000E8C091 /* Frameworks */ = {
			isa = PBXFrameworksBuildPhase;
			buildActionMask = 2147483647;
			files = (
				EC79B32087FE912A677AD851 /* Pods_BetterGetViewTests.framework in Frameworks */,
			);
			runOnlyForDeploymentPostprocessing = 0;
		};
/* End PBXFrameworksBuildPhase section */

/* Begin PBXGroup section */
		07326BAB218C05A40013A9D0 /* Specs */ = {
			isa = PBXGroup;
			children = (
				07326BAC218C05B80013A9D0 /* ViewControllerSpec.swift */,
			);
			path = Specs;
			sourceTree = "<group>";
		};
		07326BB8218C0C680013A9D0 /* ViewIdentifiable */ = {
			isa = PBXGroup;
			children = (
				07326BB0218C06DA0013A9D0 /* ViewIdentifiable.swift */,
				07326BB6218C0C650013A9D0 /* UIView+Extension.swift */,
			);
			path = ViewIdentifiable;
			sourceTree = "<group>";
		};
		07C0053C218C049F00E8C091 = {
			isa = PBXGroup;
			children = (
				07C00547218C049F00E8C091 /* BetterGetView */,
				07C0055C218C04A000E8C091 /* BetterGetViewTests */,
				07C00546218C049F00E8C091 /* Products */,
				8538343E23CA75A7E0501B34 /* Pods */,
				1113D14C8E5C40A19483C05B /* Frameworks */,
			);
			sourceTree = "<group>";
		};
		07C00546218C049F00E8C091 /* Products */ = {
			isa = PBXGroup;
			children = (
				07C00545218C049F00E8C091 /* BetterGetView.app */,
				07C00559218C04A000E8C091 /* BetterGetViewTests.xctest */,
			);
			name = Products;
			sourceTree = "<group>";
		};
		07C00547218C049F00E8C091 /* BetterGetView */ = {
			isa = PBXGroup;
			children = (
				07326BB8218C0C680013A9D0 /* ViewIdentifiable */,
				07C00548218C049F00E8C091 /* AppDelegate.swift */,
				07C0054A218C049F00E8C091 /* ViewController.swift */,
				07C0054C218C049F00E8C091 /* Main.storyboard */,
				07C0054F218C04A000E8C091 /* Assets.xcassets */,
				07C00551218C04A000E8C091 /* LaunchScreen.storyboard */,
				07C00554218C04A000E8C091 /* Info.plist */,
				07326BB4218C09000013A9D0 /* CustomLabel.swift */,
			);
			path = BetterGetView;
			sourceTree = "<group>";
		};
		07C0055C218C04A000E8C091 /* BetterGetViewTests */ = {
			isa = PBXGroup;
			children = (
				07326BAB218C05A40013A9D0 /* Specs */,
				07C0055D218C04A000E8C091 /* BetterGetViewTests.swift */,
				07C0055F218C04A000E8C091 /* Info.plist */,
				07326BAE218C06690013A9D0 /* QuickSpec+Extension.swift */,
				07326BB2218C07CE0013A9D0 /* XCTestCase+Extension.swift */,
				07326BB9218C0D660013A9D0 /* Helpers.swift */,
			);
			path = BetterGetViewTests;
			sourceTree = "<group>";
		};
		1113D14C8E5C40A19483C05B /* Frameworks */ = {
			isa = PBXGroup;
			children = (
				38ED09A6C0FC80D970A72A44 /* Pods_BetterGetViewTests.framework */,
			);
			name = Frameworks;
			sourceTree = "<group>";
		};
		8538343E23CA75A7E0501B34 /* Pods */ = {
			isa = PBXGroup;
			children = (
				8518944D7E0126EA5E45EAA6 /* Pods-BetterGetViewTests.debug.xcconfig */,
				832598BD1FBB86DC4C1BD728 /* Pods-BetterGetViewTests.release.xcconfig */,
			);
			name = Pods;
			sourceTree = "<group>";
		};
/* End PBXGroup section */

/* Begin PBXNativeTarget section */
		07C00544218C049F00E8C091 /* BetterGetView */ = {
			isa = PBXNativeTarget;
			buildConfigurationList = 07C00562218C04A000E8C091 /* Build configuration list for PBXNativeTarget "BetterGetView" */;
			buildPhases = (
				07C00541218C049F00E8C091 /* Sources */,
				07C00542218C049F00E8C091 /* Frameworks */,
				07C00543218C049F00E8C091 /* Resources */,
			);
			buildRules = (
			);
			dependencies = (
			);
			name = BetterGetView;
			productName = BetterGetView;
			productReference = 07C00545218C049F00E8C091 /* BetterGetView.app */;
			productType = "com.apple.product-type.application";
		};
		07C00558218C04A000E8C091 /* BetterGetViewTests */ = {
			isa = PBXNativeTarget;
			buildConfigurationList = 07C00565218C04A000E8C091 /* Build configuration list for PBXNativeTarget "BetterGetViewTests" */;
			buildPhases = (
				80A321038053BBEAEEBF3777 /* [CP] Check Pods Manifest.lock */,
				07C00555218C04A000E8C091 /* Sources */,
				07C00556218C04A000E8C091 /* Frameworks */,
				07C00557218C04A000E8C091 /* Resources */,
				EE1B5086B7983335011E9849 /* [CP] Embed Pods Frameworks */,
			);
			buildRules = (
			);
			dependencies = (
				07C0055B218C04A000E8C091 /* PBXTargetDependency */,
			);
			name = BetterGetViewTests;
			productName = BetterGetViewTests;
			productReference = 07C00559218C04A000E8C091 /* BetterGetViewTests.xctest */;
			productType = "com.apple.product-type.bundle.unit-test";
		};
/* End PBXNativeTarget section */

/* Begin PBXProject section */
		07C0053D218C049F00E8C091 /* Project object */ = {
			isa = PBXProject;
			attributes = {
				LastSwiftUpdateCheck = 1010;
				LastUpgradeCheck = 1010;
				ORGANIZATIONNAME = "Eric Chamberlain";
				TargetAttributes = {
					07C00544218C049F00E8C091 = {
						CreatedOnToolsVersion = 10.1;
					};
					07C00558218C04A000E8C091 = {
						CreatedOnToolsVersion = 10.1;
						TestTargetID = 07C00544218C049F00E8C091;
					};
				};
			};
			buildConfigurationList = 07C00540218C049F00E8C091 /* Build configuration list for PBXProject "BetterGetView" */;
			compatibilityVersion = "Xcode 9.3";
			developmentRegion = en;
			hasScannedForEncodings = 0;
			knownRegions = (
				en,
				Base,
			);
			mainGroup = 07C0053C218C049F00E8C091;
			productRefGroup = 07C00546218C049F00E8C091 /* Products */;
			projectDirPath = "";
			projectRoot = "";
			targets = (
				07C00544218C049F00E8C091 /* BetterGetView */,
				07C00558218C04A000E8C091 /* BetterGetViewTests */,
			);
		};
/* End PBXProject section */

/* Begin PBXResourcesBuildPhase section */
		07C00543218C049F00E8C091 /* Resources */ = {
			isa = PBXResourcesBuildPhase;
			buildActionMask = 2147483647;
			files = (
				07C00553218C04A000E8C091 /* LaunchScreen.storyboard in Resources */,
				07C00550218C04A000E8C091 /* Assets.xcassets in Resources */,
				07C0054E218C049F00E8C091 /* Main.storyboard in Resources */,
			);
			runOnlyForDeploymentPostprocessing = 0;
		};
		07C00557218C04A000E8C091 /* Resources */ = {
			isa = PBXResourcesBuildPhase;
			buildActionMask = 2147483647;
			files = (
			);
			runOnlyForDeploymentPostprocessing = 0;
		};
/* End PBXResourcesBuildPhase section */

/* Begin PBXShellScriptBuildPhase section */
		80A321038053BBEAEEBF3777 /* [CP] Check Pods Manifest.lock */ = {
			isa = PBXShellScriptBuildPhase;
			buildActionMask = 2147483647;
			files = (
			);
			inputPaths = (
				"${PODS_PODFILE_DIR_PATH}/Podfile.lock",
				"${PODS_ROOT}/Manifest.lock",
			);
			name = "[CP] Check Pods Manifest.lock";
			outputPaths = (
				"$(DERIVED_FILE_DIR)/Pods-BetterGetViewTests-checkManifestLockResult.txt",
			);
			runOnlyForDeploymentPostprocessing = 0;
			shellPath = /bin/sh;
			shellScript = "diff \"${PODS_PODFILE_DIR_PATH}/Podfile.lock\" \"${PODS_ROOT}/Manifest.lock\" > /dev/null\nif [ $? != 0 ] ; then\n    # print error to STDERR\n    echo \"error: The sandbox is not in sync with the Podfile.lock. Run 'pod install' or update your CocoaPods installation.\" >&2\n    exit 1\nfi\n# This output is used by Xcode 'outputs' to avoid re-running this script phase.\necho \"SUCCESS\" > \"${SCRIPT_OUTPUT_FILE_0}\"\n";
			showEnvVarsInLog = 0;
		};
		EE1B5086B7983335011E9849 /* [CP] Embed Pods Frameworks */ = {
			isa = PBXShellScriptBuildPhase;
			buildActionMask = 2147483647;
			files = (
			);
			inputPaths = (
				"${SRCROOT}/Pods/Target Support Files/Pods-BetterGetViewTests/Pods-BetterGetViewTests-frameworks.sh",
				"${BUILT_PRODUCTS_DIR}/AutoEquatable/AutoEquatable.framework",
				"${BUILT_PRODUCTS_DIR}/KIF/KIF.framework",
				"${BUILT_PRODUCTS_DIR}/KIF-Quick/KIF_Quick.framework",
				"${BUILT_PRODUCTS_DIR}/Nimble/Nimble.framework",
				"${BUILT_PRODUCTS_DIR}/Quick/Quick.framework",
				"${BUILT_PRODUCTS_DIR}/Spry/Spry.framework",
				"${BUILT_PRODUCTS_DIR}/Spry+Nimble/Spry_Nimble.framework",
			);
			name = "[CP] Embed Pods Frameworks";
			outputPaths = (
				"${TARGET_BUILD_DIR}/${FRAMEWORKS_FOLDER_PATH}/AutoEquatable.framework",
				"${TARGET_BUILD_DIR}/${FRAMEWORKS_FOLDER_PATH}/KIF.framework",
				"${TARGET_BUILD_DIR}/${FRAMEWORKS_FOLDER_PATH}/KIF_Quick.framework",
				"${TARGET_BUILD_DIR}/${FRAMEWORKS_FOLDER_PATH}/Nimble.framework",
				"${TARGET_BUILD_DIR}/${FRAMEWORKS_FOLDER_PATH}/Quick.framework",
				"${TARGET_BUILD_DIR}/${FRAMEWORKS_FOLDER_PATH}/Spry.framework",
				"${TARGET_BUILD_DIR}/${FRAMEWORKS_FOLDER_PATH}/Spry_Nimble.framework",
			);
			runOnlyForDeploymentPostprocessing = 0;
			shellPath = /bin/sh;
			shellScript = "\"${SRCROOT}/Pods/Target Support Files/Pods-BetterGetViewTests/Pods-BetterGetViewTests-frameworks.sh\"\n";
			showEnvVarsInLog = 0;
		};
/* End PBXShellScriptBuildPhase section */

/* Begin PBXSourcesBuildPhase section */
		07C00541218C049F00E8C091 /* Sources */ = {
			isa = PBXSourcesBuildPhase;
			buildActionMask = 2147483647;
			files = (
				07326BB1218C06DA0013A9D0 /* ViewIdentifiable.swift in Sources */,
				07C0054B218C049F00E8C091 /* ViewController.swift in Sources */,
				07C00549218C049F00E8C091 /* AppDelegate.swift in Sources */,
				07326BB7218C0C650013A9D0 /* UIView+Extension.swift in Sources */,
				07326BB5218C09000013A9D0 /* CustomLabel.swift in Sources */,
			);
			runOnlyForDeploymentPostprocessing = 0;
		};
		07C00555218C04A000E8C091 /* Sources */ = {
			isa = PBXSourcesBuildPhase;
			buildActionMask = 2147483647;
			files = (
				07326BB3218C07CE0013A9D0 /* XCTestCase+Extension.swift in Sources */,
				07326BAF218C06690013A9D0 /* QuickSpec+Extension.swift in Sources */,
				07C0055E218C04A000E8C091 /* BetterGetViewTests.swift in Sources */,
				07326BBA218C0D660013A9D0 /* Helpers.swift in Sources */,
				07326BAD218C05B80013A9D0 /* ViewControllerSpec.swift in Sources */,
			);
			runOnlyForDeploymentPostprocessing = 0;
		};
/* End PBXSourcesBuildPhase section */

/* Begin PBXTargetDependency section */
		07C0055B218C04A000E8C091 /* PBXTargetDependency */ = {
			isa = PBXTargetDependency;
			target = 07C00544218C049F00E8C091 /* BetterGetView */;
			targetProxy = 07C0055A218C04A000E8C091 /* PBXContainerItemProxy */;
		};
/* End PBXTargetDependency section */

/* Begin PBXVariantGroup section */
		07C0054C218C049F00E8C091 /* Main.storyboard */ = {
			isa = PBXVariantGroup;
			children = (
				07C0054D218C049F00E8C091 /* Base */,
			);
			name = Main.storyboard;
			sourceTree = "<group>";
		};
		07C00551218C04A000E8C091 /* LaunchScreen.storyboard */ = {
			isa = PBXVariantGroup;
			children = (
				07C00552218C04A000E8C091 /* Base */,
			);
			name = LaunchScreen.storyboard;
			sourceTree = "<group>";
		};
/* End PBXVariantGroup section */

/* Begin XCBuildConfiguration section */
		07C00560218C04A000E8C091 /* Debug */ = {
			isa = XCBuildConfiguration;
			buildSettings = {
				ALWAYS_SEARCH_USER_PATHS = NO;
				CLANG_ANALYZER_NONNULL = YES;
				CLANG_ANALYZER_NUMBER_OBJECT_CONVERSION = YES_AGGRESSIVE;
				CLANG_CXX_LANGUAGE_STANDARD = "gnu++14";
				CLANG_CXX_LIBRARY = "libc++";
				CLANG_ENABLE_MODULES = YES;
				CLANG_ENABLE_OBJC_ARC = YES;
				CLANG_ENABLE_OBJC_WEAK = YES;
				CLANG_WARN_BLOCK_CAPTURE_AUTORELEASING = YES;
				CLANG_WARN_BOOL_CONVERSION = YES;
				CLANG_WARN_COMMA = YES;
				CLANG_WARN_CONSTANT_CONVERSION = YES;
				CLANG_WARN_DEPRECATED_OBJC_IMPLEMENTATIONS = YES;
				CLANG_WARN_DIRECT_OBJC_ISA_USAGE = YES_ERROR;
				CLANG_WARN_DOCUMENTATION_COMMENTS = YES;
				CLANG_WARN_EMPTY_BODY = YES;
				CLANG_WARN_ENUM_CONVERSION = YES;
				CLANG_WARN_INFINITE_RECURSION = YES;
				CLANG_WARN_INT_CONVERSION = YES;
				CLANG_WARN_NON_LITERAL_NULL_CONVERSION = YES;
				CLANG_WARN_OBJC_IMPLICIT_RETAIN_SELF = YES;
				CLANG_WARN_OBJC_LITERAL_CONVERSION = YES;
				CLANG_WARN_OBJC_ROOT_CLASS = YES_ERROR;
				CLANG_WARN_RANGE_LOOP_ANALYSIS = YES;
				CLANG_WARN_STRICT_PROTOTYPES = YES;
				CLANG_WARN_SUSPICIOUS_MOVE = YES;
				CLANG_WARN_UNGUARDED_AVAILABILITY = YES_AGGRESSIVE;
				CLANG_WARN_UNREACHABLE_CODE = YES;
				CLANG_WARN__DUPLICATE_METHOD_MATCH = YES;
				CODE_SIGN_IDENTITY = "iPhone Developer";
				COPY_PHASE_STRIP = NO;
				DEBUG_INFORMATION_FORMAT = dwarf;
				ENABLE_STRICT_OBJC_MSGSEND = YES;
				ENABLE_TESTABILITY = YES;
				GCC_C_LANGUAGE_STANDARD = gnu11;
				GCC_DYNAMIC_NO_PIC = NO;
				GCC_NO_COMMON_BLOCKS = YES;
				GCC_OPTIMIZATION_LEVEL = 0;
				GCC_PREPROCESSOR_DEFINITIONS = (
					"DEBUG=1",
					"$(inherited)",
				);
				GCC_WARN_64_TO_32_BIT_CONVERSION = YES;
				GCC_WARN_ABOUT_RETURN_TYPE = YES_ERROR;
				GCC_WARN_UNDECLARED_SELECTOR = YES;
				GCC_WARN_UNINITIALIZED_AUTOS = YES_AGGRESSIVE;
				GCC_WARN_UNUSED_FUNCTION = YES;
				GCC_WARN_UNUSED_VARIABLE = YES;
				IPHONEOS_DEPLOYMENT_TARGET = 12.1;
				MTL_ENABLE_DEBUG_INFO = INCLUDE_SOURCE;
				MTL_FAST_MATH = YES;
				ONLY_ACTIVE_ARCH = YES;
				SDKROOT = iphoneos;
				SWIFT_ACTIVE_COMPILATION_CONDITIONS = DEBUG;
				SWIFT_OPTIMIZATION_LEVEL = "-Onone";
			};
			name = Debug;
		};
		07C00561218C04A000E8C091 /* Release */ = {
			isa = XCBuildConfiguration;
			buildSettings = {
				ALWAYS_SEARCH_USER_PATHS = NO;
				CLANG_ANALYZER_NONNULL = YES;
				CLANG_ANALYZER_NUMBER_OBJECT_CONVERSION = YES_AGGRESSIVE;
				CLANG_CXX_LANGUAGE_STANDARD = "gnu++14";
				CLANG_CXX_LIBRARY = "libc++";
				CLANG_ENABLE_MODULES = YES;
				CLANG_ENABLE_OBJC_ARC = YES;
				CLANG_ENABLE_OBJC_WEAK = YES;
				CLANG_WARN_BLOCK_CAPTURE_AUTORELEASING = YES;
				CLANG_WARN_BOOL_CONVERSION = YES;
				CLANG_WARN_COMMA = YES;
				CLANG_WARN_CONSTANT_CONVERSION = YES;
				CLANG_WARN_DEPRECATED_OBJC_IMPLEMENTATIONS = YES;
				CLANG_WARN_DIRECT_OBJC_ISA_USAGE = YES_ERROR;
				CLANG_WARN_DOCUMENTATION_COMMENTS = YES;
				CLANG_WARN_EMPTY_BODY = YES;
				CLANG_WARN_ENUM_CONVERSION = YES;
				CLANG_WARN_INFINITE_RECURSION = YES;
				CLANG_WARN_INT_CONVERSION = YES;
				CLANG_WARN_NON_LITERAL_NULL_CONVERSION = YES;
				CLANG_WARN_OBJC_IMPLICIT_RETAIN_SELF = YES;
				CLANG_WARN_OBJC_LITERAL_CONVERSION = YES;
				CLANG_WARN_OBJC_ROOT_CLASS = YES_ERROR;
				CLANG_WARN_RANGE_LOOP_ANALYSIS = YES;
				CLANG_WARN_STRICT_PROTOTYPES = YES;
				CLANG_WARN_SUSPICIOUS_MOVE = YES;
				CLANG_WARN_UNGUARDED_AVAILABILITY = YES_AGGRESSIVE;
				CLANG_WARN_UNREACHABLE_CODE = YES;
				CLANG_WARN__DUPLICATE_METHOD_MATCH = YES;
				CODE_SIGN_IDENTITY = "iPhone Developer";
				COPY_PHASE_STRIP = NO;
				DEBUG_INFORMATION_FORMAT = "dwarf-with-dsym";
				ENABLE_NS_ASSERTIONS = NO;
				ENABLE_STRICT_OBJC_MSGSEND = YES;
				GCC_C_LANGUAGE_STANDARD = gnu11;
				GCC_NO_COMMON_BLOCKS = YES;
				GCC_WARN_64_TO_32_BIT_CONVERSION = YES;
				GCC_WARN_ABOUT_RETURN_TYPE = YES_ERROR;
				GCC_WARN_UNDECLARED_SELECTOR = YES;
				GCC_WARN_UNINITIALIZED_AUTOS = YES_AGGRESSIVE;
				GCC_WARN_UNUSED_FUNCTION = YES;
				GCC_WARN_UNUSED_VARIABLE = YES;
				IPHONEOS_DEPLOYMENT_TARGET = 12.1;
				MTL_ENABLE_DEBUG_INFO = NO;
				MTL_FAST_MATH = YES;
				SDKROOT = iphoneos;
				SWIFT_COMPILATION_MODE = wholemodule;
				SWIFT_OPTIMIZATION_LEVEL = "-O";
				VALIDATE_PRODUCT = YES;
			};
			name = Release;
		};
		07C00563218C04A000E8C091 /* Debug */ = {
			isa = XCBuildConfiguration;
			buildSettings = {
				ASSETCATALOG_COMPILER_APPICON_NAME = AppIcon;
				CODE_SIGN_STYLE = Automatic;
				DEVELOPMENT_TEAM = DSZ2DNDVRK;
				INFOPLIST_FILE = BetterGetView/Info.plist;
				LD_RUNPATH_SEARCH_PATHS = (
					"$(inherited)",
					"@executable_path/Frameworks",
				);
				PRODUCT_BUNDLE_IDENTIFIER = com.upstartillustration.BetterGetView;
				PRODUCT_NAME = "$(TARGET_NAME)";
				SWIFT_VERSION = 4.2;
				TARGETED_DEVICE_FAMILY = "1,2";
			};
			name = Debug;
		};
		07C00564218C04A000E8C091 /* Release */ = {
			isa = XCBuildConfiguration;
			buildSettings = {
				ASSETCATALOG_COMPILER_APPICON_NAME = AppIcon;
				CODE_SIGN_STYLE = Automatic;
				DEVELOPMENT_TEAM = DSZ2DNDVRK;
				INFOPLIST_FILE = BetterGetView/Info.plist;
				LD_RUNPATH_SEARCH_PATHS = (
					"$(inherited)",
					"@executable_path/Frameworks",
				);
				PRODUCT_BUNDLE_IDENTIFIER = com.upstartillustration.BetterGetView;
				PRODUCT_NAME = "$(TARGET_NAME)";
				SWIFT_VERSION = 4.2;
				TARGETED_DEVICE_FAMILY = "1,2";
			};
			name = Release;
		};
		07C00566218C04A000E8C091 /* Debug */ = {
			isa = XCBuildConfiguration;
			baseConfigurationReference = 8518944D7E0126EA5E45EAA6 /* Pods-BetterGetViewTests.debug.xcconfig */;
			buildSettings = {
				BUNDLE_LOADER = "$(TEST_HOST)";
				CODE_SIGN_STYLE = Automatic;
				DEVELOPMENT_TEAM = DSZ2DNDVRK;
				INFOPLIST_FILE = BetterGetViewTests/Info.plist;
				LD_RUNPATH_SEARCH_PATHS = (
					"$(inherited)",
					"@executable_path/Frameworks",
					"@loader_path/Frameworks",
				);
				PRODUCT_BUNDLE_IDENTIFIER = com.upstartillustration.BetterGetViewTests;
				PRODUCT_NAME = "$(TARGET_NAME)";
				SWIFT_VERSION = 4.2;
				TARGETED_DEVICE_FAMILY = "1,2";
				TEST_HOST = "$(BUILT_PRODUCTS_DIR)/BetterGetView.app/BetterGetView";
			};
			name = Debug;
		};
		07C00567218C04A000E8C091 /* Release */ = {
			isa = XCBuildConfiguration;
			baseConfigurationReference = 832598BD1FBB86DC4C1BD728 /* Pods-BetterGetViewTests.release.xcconfig */;
			buildSettings = {
				BUNDLE_LOADER = "$(TEST_HOST)";
				CODE_SIGN_STYLE = Automatic;
				DEVELOPMENT_TEAM = DSZ2DNDVRK;
				INFOPLIST_FILE = BetterGetViewTests/Info.plist;
				LD_RUNPATH_SEARCH_PATHS = (
					"$(inherited)",
					"@executable_path/Frameworks",
					"@loader_path/Frameworks",
				);
				PRODUCT_BUNDLE_IDENTIFIER = com.upstartillustration.BetterGetViewTests;
				PRODUCT_NAME = "$(TARGET_NAME)";
				SWIFT_VERSION = 4.2;
				TARGETED_DEVICE_FAMILY = "1,2";
				TEST_HOST = "$(BUILT_PRODUCTS_DIR)/BetterGetView.app/BetterGetView";
			};
			name = Release;
		};
/* End XCBuildConfiguration section */

/* Begin XCConfigurationList section */
		07C00540218C049F00E8C091 /* Build configuration list for PBXProject "BetterGetView" */ = {
			isa = XCConfigurationList;
			buildConfigurations = (
				07C00560218C04A000E8C091 /* Debug */,
				07C00561218C04A000E8C091 /* Release */,
			);
			defaultConfigurationIsVisible = 0;
			defaultConfigurationName = Release;
		};
		07C00562218C04A000E8C091 /* Build configuration list for PBXNativeTarget "BetterGetView" */ = {
			isa = XCConfigurationList;
			buildConfigurations = (
				07C00563218C04A000E8C091 /* Debug */,
				07C00564218C04A000E8C091 /* Release */,
			);
			defaultConfigurationIsVisible = 0;
			defaultConfigurationName = Release;
		};
		07C00565218C04A000E8C091 /* Build configuration list for PBXNativeTarget "BetterGetViewTests" */ = {
			isa = XCConfigurationList;
			buildConfigurations = (
				07C00566218C04A000E8C091 /* Debug */,
				07C00567218C04A000E8C091 /* Release */,
			);
			defaultConfigurationIsVisible = 0;
			defaultConfigurationName = Release;
		};
/* End XCConfigurationList section */
	};
	rootObject = 07C0053D218C049F00E8C091 /* Project object */;
}
